// !$*UTF8*$!
{
	archiveVersion = 1;
	classes = {
	};
	objectVersion = 56;
	objects = {

/* Begin PBXBuildFile section */
		F80A48FB2A95F2520085753C /* CalculatorApp.swift in Sources */ = {isa = PBXBuildFile; fileRef = F80A48FA2A95F2520085753C /* CalculatorApp.swift */; };
		F80A48FD2A95F2520085753C /* CalculatorView.swift in Sources */ = {isa = PBXBuildFile; fileRef = F80A48FC2A95F2520085753C /* CalculatorView.swift */; };
		F80A48FF2A95F2530085753C /* Assets.xcassets in Resources */ = {isa = PBXBuildFile; fileRef = F80A48FE2A95F2530085753C /* Assets.xcassets */; };
		F80A49272A96EA920085753C /* SettingsView.swift in Sources */ = {isa = PBXBuildFile; fileRef = F80A49262A96EA920085753C /* SettingsView.swift */; };
		F80A49292A96EBA80085753C /* CalculatorButton.swift in Sources */ = {isa = PBXBuildFile; fileRef = F80A49282A96EBA80085753C /* CalculatorButton.swift */; };
		F80A492F2A98AD620085753C /* ButtonGrid.swift in Sources */ = {isa = PBXBuildFile; fileRef = F80A492E2A98AD620085753C /* ButtonGrid.swift */; };
		F80A49332A98AF9E0085753C /* Operation.swift in Sources */ = {isa = PBXBuildFile; fileRef = F80A49322A98AF9E0085753C /* Operation.swift */; };
		F80A49352A9A0D910085753C /* UpperRow.swift in Sources */ = {isa = PBXBuildFile; fileRef = F80A49342A9A0D910085753C /* UpperRow.swift */; };
		F80A49372A9A0E840085753C /* SquareButton.swift in Sources */ = {isa = PBXBuildFile; fileRef = F80A49362A9A0E840085753C /* SquareButton.swift */; };
		F80A49392A9AF4250085753C /* CalculatorViewViewModel.swift in Sources */ = {isa = PBXBuildFile; fileRef = F80A49382A9AF4250085753C /* CalculatorViewViewModel.swift */; };
		F80A493B2A9B01AE0085753C /* MiddleGrid.swift in Sources */ = {isa = PBXBuildFile; fileRef = F80A493A2A9B01AE0085753C /* MiddleGrid.swift */; };
		F80A493D2A9B1AEA0085753C /* RightColumn.swift in Sources */ = {isa = PBXBuildFile; fileRef = F80A493C2A9B1AEA0085753C /* RightColumn.swift */; };
		F80A493F2A9B1ED40085753C /* BottomRow.swift in Sources */ = {isa = PBXBuildFile; fileRef = F80A493E2A9B1ED40085753C /* BottomRow.swift */; };
		F8A3C28C2A9DDB5200A558D0 /* ConfigurationCell.swift in Sources */ = {isa = PBXBuildFile; fileRef = F8A3C28B2A9DDB5200A558D0 /* ConfigurationCell.swift */; };
		F8A3C28E2A9DDC0000A558D0 /* ConfigurationGrid.swift in Sources */ = {isa = PBXBuildFile; fileRef = F8A3C28D2A9DDC0000A558D0 /* ConfigurationGrid.swift */; };
		F8C060122A9D7CA600D0E6D3 /* OperationToggle.swift in Sources */ = {isa = PBXBuildFile; fileRef = F8C060112A9D7CA600D0E6D3 /* OperationToggle.swift */; };
		F8EF88102A9EE1C400B8378A /* Preview Content in Resources */ = {isa = PBXBuildFile; fileRef = F8EF880F2A9EE1C400B8378A /* Preview Content */; };
		F8EF88132A9F309200B8378A /* Calculation.swift in Sources */ = {isa = PBXBuildFile; fileRef = F8EF88122A9F309200B8378A /* Calculation.swift */; };
		F8EF88152A9F3D4400B8378A /* CalculationHandler.swift in Sources */ = {isa = PBXBuildFile; fileRef = F8EF88142A9F3D4400B8378A /* CalculationHandler.swift */; };
		F8EF88182AA01F5500B8378A /* Currency.swift in Sources */ = {isa = PBXBuildFile; fileRef = F8EF88172AA01F5500B8378A /* Currency.swift */; };
		F8EF881A2AA0218C00B8378A /* CurrencyService.swift in Sources */ = {isa = PBXBuildFile; fileRef = F8EF88192AA0218C00B8378A /* CurrencyService.swift */; };
		F8EF881C2AA021EA00B8378A /* BitcoinService.swift in Sources */ = {isa = PBXBuildFile; fileRef = F8EF881B2AA021EA00B8378A /* BitcoinService.swift */; };
		F8EF881E2AA027B900B8378A /* CalculatorViewViewModel+Dimensions.swift in Sources */ = {isa = PBXBuildFile; fileRef = F8EF881D2AA027B900B8378A /* CalculatorViewViewModel+Dimensions.swift */; };
		F8EF88202AA09BA100B8378A /* DarkModeSwitch.swift in Sources */ = {isa = PBXBuildFile; fileRef = F8EF881F2AA09BA100B8378A /* DarkModeSwitch.swift */; };
		F8EF88222AA17DC500B8378A /* CalculationHandlerTests.swift in Sources */ = {isa = PBXBuildFile; fileRef = F8EF88212AA17DC500B8378A /* CalculationHandlerTests.swift */; };
		F8EF88242AA183F000B8378A /* CalculatorViewViewModelErrorMessagesTests.swift in Sources */ = {isa = PBXBuildFile; fileRef = F8EF88232AA183F000B8378A /* CalculatorViewViewModelErrorMessagesTests.swift */; };
		F8EF88272AA184B500B8378A /* MockedBitcoinService.swift in Sources */ = {isa = PBXBuildFile; fileRef = F8EF88262AA184B500B8378A /* MockedBitcoinService.swift */; };
		F8EF88292AA18A0900B8378A /* Constants.swift in Sources */ = {isa = PBXBuildFile; fileRef = F8EF88282AA18A0900B8378A /* Constants.swift */; };
		F8EF882B2AA18FC800B8378A /* CalculatorViewViewModelLayoutTests.swift in Sources */ = {isa = PBXBuildFile; fileRef = F8EF882A2AA18FC800B8378A /* CalculatorViewViewModelLayoutTests.swift */; };
/* End PBXBuildFile section */

/* Begin PBXContainerItemProxy section */
		F80A49082A95F2530085753C /* PBXContainerItemProxy */ = {
			isa = PBXContainerItemProxy;
			containerPortal = F80A48EF2A95F2520085753C /* Project object */;
			proxyType = 1;
			remoteGlobalIDString = F80A48F62A95F2520085753C;
			remoteInfo = Calculator;
		};
/* End PBXContainerItemProxy section */

/* Begin PBXFileReference section */
		F80A48F72A95F2520085753C /* Calculator.app */ = {isa = PBXFileReference; explicitFileType = wrapper.application; includeInIndex = 0; path = Calculator.app; sourceTree = BUILT_PRODUCTS_DIR; };
		F80A48FA2A95F2520085753C /* CalculatorApp.swift */ = {isa = PBXFileReference; lastKnownFileType = sourcecode.swift; path = CalculatorApp.swift; sourceTree = "<group>"; };
		F80A48FC2A95F2520085753C /* CalculatorView.swift */ = {isa = PBXFileReference; lastKnownFileType = sourcecode.swift; path = CalculatorView.swift; sourceTree = "<group>"; };
		F80A48FE2A95F2530085753C /* Assets.xcassets */ = {isa = PBXFileReference; lastKnownFileType = folder.assetcatalog; path = Assets.xcassets; sourceTree = "<group>"; };
		F80A49072A95F2530085753C /* CalculatorTests.xctest */ = {isa = PBXFileReference; explicitFileType = wrapper.cfbundle; includeInIndex = 0; path = CalculatorTests.xctest; sourceTree = BUILT_PRODUCTS_DIR; };
		F80A49262A96EA920085753C /* SettingsView.swift */ = {isa = PBXFileReference; lastKnownFileType = sourcecode.swift; path = SettingsView.swift; sourceTree = "<group>"; };
		F80A49282A96EBA80085753C /* CalculatorButton.swift */ = {isa = PBXFileReference; lastKnownFileType = sourcecode.swift; path = CalculatorButton.swift; sourceTree = "<group>"; };
		F80A492E2A98AD620085753C /* ButtonGrid.swift */ = {isa = PBXFileReference; lastKnownFileType = sourcecode.swift; path = ButtonGrid.swift; sourceTree = "<group>"; };
		F80A49322A98AF9E0085753C /* Operation.swift */ = {isa = PBXFileReference; lastKnownFileType = sourcecode.swift; path = Operation.swift; sourceTree = "<group>"; };
		F80A49342A9A0D910085753C /* UpperRow.swift */ = {isa = PBXFileReference; lastKnownFileType = sourcecode.swift; path = UpperRow.swift; sourceTree = "<group>"; };
		F80A49362A9A0E840085753C /* SquareButton.swift */ = {isa = PBXFileReference; lastKnownFileType = sourcecode.swift; path = SquareButton.swift; sourceTree = "<group>"; };
		F80A49382A9AF4250085753C /* CalculatorViewViewModel.swift */ = {isa = PBXFileReference; lastKnownFileType = sourcecode.swift; path = CalculatorViewViewModel.swift; sourceTree = "<group>"; };
		F80A493A2A9B01AE0085753C /* MiddleGrid.swift */ = {isa = PBXFileReference; lastKnownFileType = sourcecode.swift; path = MiddleGrid.swift; sourceTree = "<group>"; };
		F80A493C2A9B1AEA0085753C /* RightColumn.swift */ = {isa = PBXFileReference; lastKnownFileType = sourcecode.swift; path = RightColumn.swift; sourceTree = "<group>"; };
		F80A493E2A9B1ED40085753C /* BottomRow.swift */ = {isa = PBXFileReference; lastKnownFileType = sourcecode.swift; path = BottomRow.swift; sourceTree = "<group>"; };
		F8A3C28B2A9DDB5200A558D0 /* ConfigurationCell.swift */ = {isa = PBXFileReference; lastKnownFileType = sourcecode.swift; path = ConfigurationCell.swift; sourceTree = "<group>"; };
		F8A3C28D2A9DDC0000A558D0 /* ConfigurationGrid.swift */ = {isa = PBXFileReference; lastKnownFileType = sourcecode.swift; path = ConfigurationGrid.swift; sourceTree = "<group>"; };
		F8C060112A9D7CA600D0E6D3 /* OperationToggle.swift */ = {isa = PBXFileReference; lastKnownFileType = sourcecode.swift; path = OperationToggle.swift; sourceTree = "<group>"; };
		F8EF880F2A9EE1C400B8378A /* Preview Content */ = {isa = PBXFileReference; lastKnownFileType = folder; path = "Preview Content"; sourceTree = "<group>"; };
		F8EF88122A9F309200B8378A /* Calculation.swift */ = {isa = PBXFileReference; lastKnownFileType = sourcecode.swift; path = Calculation.swift; sourceTree = "<group>"; };
		F8EF88142A9F3D4400B8378A /* CalculationHandler.swift */ = {isa = PBXFileReference; lastKnownFileType = sourcecode.swift; path = CalculationHandler.swift; sourceTree = "<group>"; };
		F8EF88172AA01F5500B8378A /* Currency.swift */ = {isa = PBXFileReference; lastKnownFileType = sourcecode.swift; path = Currency.swift; sourceTree = "<group>"; };
		F8EF88192AA0218C00B8378A /* CurrencyService.swift */ = {isa = PBXFileReference; lastKnownFileType = sourcecode.swift; path = CurrencyService.swift; sourceTree = "<group>"; };
		F8EF881B2AA021EA00B8378A /* BitcoinService.swift */ = {isa = PBXFileReference; lastKnownFileType = sourcecode.swift; path = BitcoinService.swift; sourceTree = "<group>"; };
		F8EF881D2AA027B900B8378A /* CalculatorViewViewModel+Dimensions.swift */ = {isa = PBXFileReference; lastKnownFileType = sourcecode.swift; path = "CalculatorViewViewModel+Dimensions.swift"; sourceTree = "<group>"; };
		F8EF881F2AA09BA100B8378A /* DarkModeSwitch.swift */ = {isa = PBXFileReference; lastKnownFileType = sourcecode.swift; path = DarkModeSwitch.swift; sourceTree = "<group>"; };
		F8EF88212AA17DC500B8378A /* CalculationHandlerTests.swift */ = {isa = PBXFileReference; lastKnownFileType = sourcecode.swift; path = CalculationHandlerTests.swift; sourceTree = "<group>"; };
		F8EF88232AA183F000B8378A /* CalculatorViewViewModelErrorMessagesTests.swift */ = {isa = PBXFileReference; lastKnownFileType = sourcecode.swift; path = CalculatorViewViewModelErrorMessagesTests.swift; sourceTree = "<group>"; };
		F8EF88262AA184B500B8378A /* MockedBitcoinService.swift */ = {isa = PBXFileReference; lastKnownFileType = sourcecode.swift; path = MockedBitcoinService.swift; sourceTree = "<group>"; };
		F8EF88282AA18A0900B8378A /* Constants.swift */ = {isa = PBXFileReference; lastKnownFileType = sourcecode.swift; path = Constants.swift; sourceTree = "<group>"; };
		F8EF882A2AA18FC800B8378A /* CalculatorViewViewModelLayoutTests.swift */ = {isa = PBXFileReference; lastKnownFileType = sourcecode.swift; path = CalculatorViewViewModelLayoutTests.swift; sourceTree = "<group>"; };
/* End PBXFileReference section */

/* Begin PBXFrameworksBuildPhase section */
		F80A48F42A95F2520085753C /* Frameworks */ = {
			isa = PBXFrameworksBuildPhase;
			buildActionMask = 2147483647;
			files = (
			);
			runOnlyForDeploymentPostprocessing = 0;
		};
		F80A49042A95F2530085753C /* Frameworks */ = {
			isa = PBXFrameworksBuildPhase;
			buildActionMask = 2147483647;
			files = (
			);
			runOnlyForDeploymentPostprocessing = 0;
		};
/* End PBXFrameworksBuildPhase section */

/* Begin PBXGroup section */
		F80A48EE2A95F2520085753C = {
			isa = PBXGroup;
			children = (
				F80A48F92A95F2520085753C /* Calculator */,
				F80A490A2A95F2530085753C /* CalculatorTests */,
				F80A48F82A95F2520085753C /* Products */,
			);
			sourceTree = "<group>";
		};
		F80A48F82A95F2520085753C /* Products */ = {
			isa = PBXGroup;
			children = (
				F80A48F72A95F2520085753C /* Calculator.app */,
				F80A49072A95F2530085753C /* CalculatorTests.xctest */,
			);
			name = Products;
			sourceTree = "<group>";
		};
		F80A48F92A95F2520085753C /* Calculator */ = {
			isa = PBXGroup;
			children = (
				F8EF88162AA017E600B8378A /* Service */,
				F8EF88112A9F224200B8378A /* Domain Logic */,
				F8C0600F2A9D7C8200D0E6D3 /* UI */,
				F80A49302A98AF690085753C /* Model */,
				F8EF880F2A9EE1C400B8378A /* Preview Content */,
			);
			path = Calculator;
			sourceTree = "<group>";
		};
		F80A490A2A95F2530085753C /* CalculatorTests */ = {
			isa = PBXGroup;
			children = (
				F8EF88252AA183FB00B8378A /* Mocked Services */,
				F8EF88212AA17DC500B8378A /* CalculationHandlerTests.swift */,
				F8EF88232AA183F000B8378A /* CalculatorViewViewModelErrorMessagesTests.swift */,
				F8EF882A2AA18FC800B8378A /* CalculatorViewViewModelLayoutTests.swift */,
			);
			path = CalculatorTests;
			sourceTree = "<group>";
		};
		F80A49302A98AF690085753C /* Model */ = {
			isa = PBXGroup;
			children = (
				F80A49312A98AF780085753C /* Unmanaged */,
			);
			path = Model;
			sourceTree = "<group>";
		};
		F80A49312A98AF780085753C /* Unmanaged */ = {
			isa = PBXGroup;
			children = (
				F8EF88122A9F309200B8378A /* Calculation.swift */,
				F80A49322A98AF9E0085753C /* Operation.swift */,
				F8EF88172AA01F5500B8378A /* Currency.swift */,
			);
			path = Unmanaged;
			sourceTree = "<group>";
		};
		F8C0600F2A9D7C8200D0E6D3 /* UI */ = {
			isa = PBXGroup;
			children = (
				F8EF880E2A9EE17300B8378A /* App */,
				F8EF880C2A9EE0B700B8378A /* Assets */,
				F8EF880B2A9EE05900B8378A /* Calculator */,
				F8C060102A9D7C8E00D0E6D3 /* Settings */,
			);
			path = UI;
			sourceTree = "<group>";
		};
		F8C060102A9D7C8E00D0E6D3 /* Settings */ = {
			isa = PBXGroup;
			children = (
				F80A49262A96EA920085753C /* SettingsView.swift */,
				F8C060112A9D7CA600D0E6D3 /* OperationToggle.swift */,
				F8A3C28B2A9DDB5200A558D0 /* ConfigurationCell.swift */,
				F8A3C28D2A9DDC0000A558D0 /* ConfigurationGrid.swift */,
				F8EF881F2AA09BA100B8378A /* DarkModeSwitch.swift */,
			);
			path = Settings;
			sourceTree = "<group>";
		};
		F8EF880B2A9EE05900B8378A /* Calculator */ = {
			isa = PBXGroup;
			children = (
				F80A49382A9AF4250085753C /* CalculatorViewViewModel.swift */,
				F8EF881D2AA027B900B8378A /* CalculatorViewViewModel+Dimensions.swift */,
				F80A48FC2A95F2520085753C /* CalculatorView.swift */,
				F80A49282A96EBA80085753C /* CalculatorButton.swift */,
				F80A492E2A98AD620085753C /* ButtonGrid.swift */,
				F80A49342A9A0D910085753C /* UpperRow.swift */,
				F80A49362A9A0E840085753C /* SquareButton.swift */,
				F80A493A2A9B01AE0085753C /* MiddleGrid.swift */,
				F80A493C2A9B1AEA0085753C /* RightColumn.swift */,
				F80A493E2A9B1ED40085753C /* BottomRow.swift */,
			);
			path = Calculator;
			sourceTree = "<group>";
		};
		F8EF880C2A9EE0B700B8378A /* Assets */ = {
			isa = PBXGroup;
			children = (
				F80A48FE2A95F2530085753C /* Assets.xcassets */,
			);
			path = Assets;
			sourceTree = "<group>";
		};
		F8EF880E2A9EE17300B8378A /* App */ = {
			isa = PBXGroup;
			children = (
				F80A48FA2A95F2520085753C /* CalculatorApp.swift */,
			);
			path = App;
			sourceTree = "<group>";
		};
		F8EF88112A9F224200B8378A /* Domain Logic */ = {
			isa = PBXGroup;
			children = (
				F8EF88142A9F3D4400B8378A /* CalculationHandler.swift */,
				F8EF88282AA18A0900B8378A /* Constants.swift */,
			);
			path = "Domain Logic";
			sourceTree = "<group>";
		};
		F8EF88162AA017E600B8378A /* Service */ = {
			isa = PBXGroup;
			children = (
				F8EF88192AA0218C00B8378A /* CurrencyService.swift */,
				F8EF881B2AA021EA00B8378A /* BitcoinService.swift */,
			);
			path = Service;
			sourceTree = "<group>";
		};
		F8EF88252AA183FB00B8378A /* Mocked Services */ = {
			isa = PBXGroup;
			children = (
				F8EF88262AA184B500B8378A /* MockedBitcoinService.swift */,
			);
			path = "Mocked Services";
			sourceTree = "<group>";
		};
/* End PBXGroup section */

/* Begin PBXNativeTarget section */
		F80A48F62A95F2520085753C /* Calculator */ = {
			isa = PBXNativeTarget;
			buildConfigurationList = F80A491B2A95F2530085753C /* Build configuration list for PBXNativeTarget "Calculator" */;
			buildPhases = (
				F80A48F32A95F2520085753C /* Sources */,
				F80A48F42A95F2520085753C /* Frameworks */,
				F80A48F52A95F2520085753C /* Resources */,
			);
			buildRules = (
			);
			dependencies = (
			);
			name = Calculator;
			productName = Calculator;
			productReference = F80A48F72A95F2520085753C /* Calculator.app */;
			productType = "com.apple.product-type.application";
		};
		F80A49062A95F2530085753C /* CalculatorTests */ = {
			isa = PBXNativeTarget;
			buildConfigurationList = F80A491E2A95F2530085753C /* Build configuration list for PBXNativeTarget "CalculatorTests" */;
			buildPhases = (
				F80A49032A95F2530085753C /* Sources */,
				F80A49042A95F2530085753C /* Frameworks */,
				F80A49052A95F2530085753C /* Resources */,
			);
			buildRules = (
			);
			dependencies = (
				F80A49092A95F2530085753C /* PBXTargetDependency */,
			);
			name = CalculatorTests;
			productName = CalculatorTests;
			productReference = F80A49072A95F2530085753C /* CalculatorTests.xctest */;
			productType = "com.apple.product-type.bundle.unit-test";
		};
/* End PBXNativeTarget section */

/* Begin PBXProject section */
		F80A48EF2A95F2520085753C /* Project object */ = {
			isa = PBXProject;
			attributes = {
				BuildIndependentTargetsInParallel = 1;
				LastSwiftUpdateCheck = 1500;
				LastUpgradeCheck = 1500;
				TargetAttributes = {
					F80A48F62A95F2520085753C = {
						CreatedOnToolsVersion = 15.0;
					};
					F80A49062A95F2530085753C = {
						CreatedOnToolsVersion = 15.0;
						TestTargetID = F80A48F62A95F2520085753C;
					};
				};
			};
			buildConfigurationList = F80A48F22A95F2520085753C /* Build configuration list for PBXProject "Calculator" */;
			compatibilityVersion = "Xcode 14.0";
			developmentRegion = en;
			hasScannedForEncodings = 0;
			knownRegions = (
				en,
				Base,
			);
			mainGroup = F80A48EE2A95F2520085753C;
			productRefGroup = F80A48F82A95F2520085753C /* Products */;
			projectDirPath = "";
			projectRoot = "";
			targets = (
				F80A48F62A95F2520085753C /* Calculator */,
				F80A49062A95F2530085753C /* CalculatorTests */,
			);
		};
/* End PBXProject section */

/* Begin PBXResourcesBuildPhase section */
		F80A48F52A95F2520085753C /* Resources */ = {
			isa = PBXResourcesBuildPhase;
			buildActionMask = 2147483647;
			files = (
				F8EF88102A9EE1C400B8378A /* Preview Content in Resources */,
				F80A48FF2A95F2530085753C /* Assets.xcassets in Resources */,
			);
			runOnlyForDeploymentPostprocessing = 0;
		};
		F80A49052A95F2530085753C /* Resources */ = {
			isa = PBXResourcesBuildPhase;
			buildActionMask = 2147483647;
			files = (
			);
			runOnlyForDeploymentPostprocessing = 0;
		};
/* End PBXResourcesBuildPhase section */

/* Begin PBXSourcesBuildPhase section */
		F80A48F32A95F2520085753C /* Sources */ = {
			isa = PBXSourcesBuildPhase;
			buildActionMask = 2147483647;
			files = (
				F8EF88182AA01F5500B8378A /* Currency.swift in Sources */,
				F8A3C28E2A9DDC0000A558D0 /* ConfigurationGrid.swift in Sources */,
				F80A49372A9A0E840085753C /* SquareButton.swift in Sources */,
				F80A48FD2A95F2520085753C /* CalculatorView.swift in Sources */,
				F80A49272A96EA920085753C /* SettingsView.swift in Sources */,
				F8C060122A9D7CA600D0E6D3 /* OperationToggle.swift in Sources */,
				F8EF88292AA18A0900B8378A /* Constants.swift in Sources */,
				F80A493F2A9B1ED40085753C /* BottomRow.swift in Sources */,
				F80A48FB2A95F2520085753C /* CalculatorApp.swift in Sources */,
				F8A3C28C2A9DDB5200A558D0 /* ConfigurationCell.swift in Sources */,
				F80A493D2A9B1AEA0085753C /* RightColumn.swift in Sources */,
				F8EF881A2AA0218C00B8378A /* CurrencyService.swift in Sources */,
				F80A49332A98AF9E0085753C /* Operation.swift in Sources */,
				F8EF88152A9F3D4400B8378A /* CalculationHandler.swift in Sources */,
				F80A49392A9AF4250085753C /* CalculatorViewViewModel.swift in Sources */,
				F8EF88132A9F309200B8378A /* Calculation.swift in Sources */,
				F80A493B2A9B01AE0085753C /* MiddleGrid.swift in Sources */,
				F8EF881E2AA027B900B8378A /* CalculatorViewViewModel+Dimensions.swift in Sources */,
				F8EF881C2AA021EA00B8378A /* BitcoinService.swift in Sources */,
				F80A49292A96EBA80085753C /* CalculatorButton.swift in Sources */,
				F80A49352A9A0D910085753C /* UpperRow.swift in Sources */,
				F8EF88202AA09BA100B8378A /* DarkModeSwitch.swift in Sources */,
				F80A492F2A98AD620085753C /* ButtonGrid.swift in Sources */,
			);
			runOnlyForDeploymentPostprocessing = 0;
		};
		F80A49032A95F2530085753C /* Sources */ = {
			isa = PBXSourcesBuildPhase;
			buildActionMask = 2147483647;
			files = (
				F8EF88222AA17DC500B8378A /* CalculationHandlerTests.swift in Sources */,
				F8EF882B2AA18FC800B8378A /* CalculatorViewViewModelLayoutTests.swift in Sources */,
				F8EF88272AA184B500B8378A /* MockedBitcoinService.swift in Sources */,
				F8EF88242AA183F000B8378A /* CalculatorViewViewModelErrorMessagesTests.swift in Sources */,
			);
			runOnlyForDeploymentPostprocessing = 0;
		};
/* End PBXSourcesBuildPhase section */

/* Begin PBXTargetDependency section */
		F80A49092A95F2530085753C /* PBXTargetDependency */ = {
			isa = PBXTargetDependency;
			target = F80A48F62A95F2520085753C /* Calculator */;
			targetProxy = F80A49082A95F2530085753C /* PBXContainerItemProxy */;
		};
/* End PBXTargetDependency section */

/* Begin XCBuildConfiguration section */
		F80A49192A95F2530085753C /* Debug */ = {
			isa = XCBuildConfiguration;
			buildSettings = {
				ALWAYS_SEARCH_USER_PATHS = NO;
				ASSETCATALOG_COMPILER_GENERATE_SWIFT_ASSET_SYMBOL_EXTENSIONS = YES;
				CLANG_ANALYZER_NONNULL = YES;
				CLANG_ANALYZER_NUMBER_OBJECT_CONVERSION = YES_AGGRESSIVE;
				CLANG_CXX_LANGUAGE_STANDARD = "gnu++20";
				CLANG_ENABLE_MODULES = YES;
				CLANG_ENABLE_OBJC_ARC = YES;
				CLANG_ENABLE_OBJC_WEAK = YES;
				CLANG_WARN_BLOCK_CAPTURE_AUTORELEASING = YES;
				CLANG_WARN_BOOL_CONVERSION = YES;
				CLANG_WARN_COMMA = YES;
				CLANG_WARN_CONSTANT_CONVERSION = YES;
				CLANG_WARN_DEPRECATED_OBJC_IMPLEMENTATIONS = YES;
				CLANG_WARN_DIRECT_OBJC_ISA_USAGE = YES_ERROR;
				CLANG_WARN_DOCUMENTATION_COMMENTS = YES;
				CLANG_WARN_EMPTY_BODY = YES;
				CLANG_WARN_ENUM_CONVERSION = YES;
				CLANG_WARN_INFINITE_RECURSION = YES;
				CLANG_WARN_INT_CONVERSION = YES;
				CLANG_WARN_NON_LITERAL_NULL_CONVERSION = YES;
				CLANG_WARN_OBJC_IMPLICIT_RETAIN_SELF = YES;
				CLANG_WARN_OBJC_LITERAL_CONVERSION = YES;
				CLANG_WARN_OBJC_ROOT_CLASS = YES_ERROR;
				CLANG_WARN_QUOTED_INCLUDE_IN_FRAMEWORK_HEADER = YES;
				CLANG_WARN_RANGE_LOOP_ANALYSIS = YES;
				CLANG_WARN_STRICT_PROTOTYPES = YES;
				CLANG_WARN_SUSPICIOUS_MOVE = YES;
				CLANG_WARN_UNGUARDED_AVAILABILITY = YES_AGGRESSIVE;
				CLANG_WARN_UNREACHABLE_CODE = YES;
				CLANG_WARN__DUPLICATE_METHOD_MATCH = YES;
				COPY_PHASE_STRIP = NO;
				DEBUG_INFORMATION_FORMAT = dwarf;
				ENABLE_STRICT_OBJC_MSGSEND = YES;
				ENABLE_TESTABILITY = YES;
				ENABLE_USER_SCRIPT_SANDBOXING = YES;
				GCC_C_LANGUAGE_STANDARD = gnu17;
				GCC_DYNAMIC_NO_PIC = NO;
				GCC_NO_COMMON_BLOCKS = YES;
				GCC_OPTIMIZATION_LEVEL = 0;
				GCC_PREPROCESSOR_DEFINITIONS = (
					"DEBUG=1",
					"$(inherited)",
				);
				GCC_WARN_64_TO_32_BIT_CONVERSION = YES;
				GCC_WARN_ABOUT_RETURN_TYPE = YES_ERROR;
				GCC_WARN_UNDECLARED_SELECTOR = YES;
				GCC_WARN_UNINITIALIZED_AUTOS = YES_AGGRESSIVE;
				GCC_WARN_UNUSED_FUNCTION = YES;
				GCC_WARN_UNUSED_VARIABLE = YES;
				IPHONEOS_DEPLOYMENT_TARGET = 17.0;
				LOCALIZATION_PREFERS_STRING_CATALOGS = YES;
				MTL_ENABLE_DEBUG_INFO = INCLUDE_SOURCE;
				MTL_FAST_MATH = YES;
				ONLY_ACTIVE_ARCH = YES;
				SDKROOT = iphoneos;
				SWIFT_ACTIVE_COMPILATION_CONDITIONS = "DEBUG $(inherited)";
				SWIFT_OPTIMIZATION_LEVEL = "-Onone";
			};
			name = Debug;
		};
		F80A491A2A95F2530085753C /* Release */ = {
			isa = XCBuildConfiguration;
			buildSettings = {
				ALWAYS_SEARCH_USER_PATHS = NO;
				ASSETCATALOG_COMPILER_GENERATE_SWIFT_ASSET_SYMBOL_EXTENSIONS = YES;
				CLANG_ANALYZER_NONNULL = YES;
				CLANG_ANALYZER_NUMBER_OBJECT_CONVERSION = YES_AGGRESSIVE;
				CLANG_CXX_LANGUAGE_STANDARD = "gnu++20";
				CLANG_ENABLE_MODULES = YES;
				CLANG_ENABLE_OBJC_ARC = YES;
				CLANG_ENABLE_OBJC_WEAK = YES;
				CLANG_WARN_BLOCK_CAPTURE_AUTORELEASING = YES;
				CLANG_WARN_BOOL_CONVERSION = YES;
				CLANG_WARN_COMMA = YES;
				CLANG_WARN_CONSTANT_CONVERSION = YES;
				CLANG_WARN_DEPRECATED_OBJC_IMPLEMENTATIONS = YES;
				CLANG_WARN_DIRECT_OBJC_ISA_USAGE = YES_ERROR;
				CLANG_WARN_DOCUMENTATION_COMMENTS = YES;
				CLANG_WARN_EMPTY_BODY = YES;
				CLANG_WARN_ENUM_CONVERSION = YES;
				CLANG_WARN_INFINITE_RECURSION = YES;
				CLANG_WARN_INT_CONVERSION = YES;
				CLANG_WARN_NON_LITERAL_NULL_CONVERSION = YES;
				CLANG_WARN_OBJC_IMPLICIT_RETAIN_SELF = YES;
				CLANG_WARN_OBJC_LITERAL_CONVERSION = YES;
				CLANG_WARN_OBJC_ROOT_CLASS = YES_ERROR;
				CLANG_WARN_QUOTED_INCLUDE_IN_FRAMEWORK_HEADER = YES;
				CLANG_WARN_RANGE_LOOP_ANALYSIS = YES;
				CLANG_WARN_STRICT_PROTOTYPES = YES;
				CLANG_WARN_SUSPICIOUS_MOVE = YES;
				CLANG_WARN_UNGUARDED_AVAILABILITY = YES_AGGRESSIVE;
				CLANG_WARN_UNREACHABLE_CODE = YES;
				CLANG_WARN__DUPLICATE_METHOD_MATCH = YES;
				COPY_PHASE_STRIP = NO;
				DEBUG_INFORMATION_FORMAT = "dwarf-with-dsym";
				ENABLE_NS_ASSERTIONS = NO;
				ENABLE_STRICT_OBJC_MSGSEND = YES;
				ENABLE_USER_SCRIPT_SANDBOXING = YES;
				GCC_C_LANGUAGE_STANDARD = gnu17;
				GCC_NO_COMMON_BLOCKS = YES;
				GCC_WARN_64_TO_32_BIT_CONVERSION = YES;
				GCC_WARN_ABOUT_RETURN_TYPE = YES_ERROR;
				GCC_WARN_UNDECLARED_SELECTOR = YES;
				GCC_WARN_UNINITIALIZED_AUTOS = YES_AGGRESSIVE;
				GCC_WARN_UNUSED_FUNCTION = YES;
				GCC_WARN_UNUSED_VARIABLE = YES;
				IPHONEOS_DEPLOYMENT_TARGET = 17.0;
				LOCALIZATION_PREFERS_STRING_CATALOGS = YES;
				MTL_ENABLE_DEBUG_INFO = NO;
				MTL_FAST_MATH = YES;
				SDKROOT = iphoneos;
				SWIFT_COMPILATION_MODE = wholemodule;
				VALIDATE_PRODUCT = YES;
			};
			name = Release;
		};
		F80A491C2A95F2530085753C /* Debug */ = {
			isa = XCBuildConfiguration;
			buildSettings = {
				ASSETCATALOG_COMPILER_APPICON_NAME = AppIcon;
				ASSETCATALOG_COMPILER_GLOBAL_ACCENT_COLOR_NAME = AccentColor;
				CODE_SIGN_STYLE = Automatic;
				CURRENT_PROJECT_VERSION = 1;
				DEVELOPMENT_ASSET_PATHS = "\"Calculator/Preview Content\"";
				DEVELOPMENT_TEAM = 9HKUVL2QGT;
				ENABLE_PREVIEWS = YES;
				GENERATE_INFOPLIST_FILE = YES;
				INFOPLIST_KEY_UIApplicationSceneManifest_Generation = YES;
				INFOPLIST_KEY_UIApplicationSupportsIndirectInputEvents = YES;
				INFOPLIST_KEY_UILaunchScreen_Generation = YES;
				INFOPLIST_KEY_UISupportedInterfaceOrientations = "UIInterfaceOrientationPortrait UIInterfaceOrientationPortraitUpsideDown";
				LD_RUNPATH_SEARCH_PATHS = (
					"$(inherited)",
					"@executable_path/Frameworks",
				);
				MARKETING_VERSION = 1.0;
				PRODUCT_BUNDLE_IDENTIFIER = com.amahy.Calculator;
				PRODUCT_NAME = "$(TARGET_NAME)";
				SWIFT_EMIT_LOC_STRINGS = YES;
				SWIFT_VERSION = 5.0;
				TARGETED_DEVICE_FAMILY = "1,2";
			};
			name = Debug;
		};
		F80A491D2A95F2530085753C /* Release */ = {
			isa = XCBuildConfiguration;
			buildSettings = {
				ASSETCATALOG_COMPILER_APPICON_NAME = AppIcon;
				ASSETCATALOG_COMPILER_GLOBAL_ACCENT_COLOR_NAME = AccentColor;
				CODE_SIGN_STYLE = Automatic;
				CURRENT_PROJECT_VERSION = 1;
				DEVELOPMENT_ASSET_PATHS = "\"Calculator/Preview Content\"";
				DEVELOPMENT_TEAM = 9HKUVL2QGT;
				ENABLE_PREVIEWS = YES;
				GENERATE_INFOPLIST_FILE = YES;
				INFOPLIST_KEY_UIApplicationSceneManifest_Generation = YES;
				INFOPLIST_KEY_UIApplicationSupportsIndirectInputEvents = YES;
				INFOPLIST_KEY_UILaunchScreen_Generation = YES;
				INFOPLIST_KEY_UISupportedInterfaceOrientations = "UIInterfaceOrientationPortrait UIInterfaceOrientationPortraitUpsideDown";
				LD_RUNPATH_SEARCH_PATHS = (
					"$(inherited)",
					"@executable_path/Frameworks",
				);
				MARKETING_VERSION = 1.0;
				PRODUCT_BUNDLE_IDENTIFIER = com.amahy.Calculator;
				PRODUCT_NAME = "$(TARGET_NAME)";
				SWIFT_EMIT_LOC_STRINGS = YES;
				SWIFT_VERSION = 5.0;
				TARGETED_DEVICE_FAMILY = "1,2";
			};
			name = Release;
		};
		F80A491F2A95F2530085753C /* Debug */ = {
			isa = XCBuildConfiguration;
			buildSettings = {
				ALWAYS_EMBED_SWIFT_STANDARD_LIBRARIES = YES;
				BUNDLE_LOADER = "$(TEST_HOST)";
				CODE_SIGN_STYLE = Automatic;
				CURRENT_PROJECT_VERSION = 1;
				DEVELOPMENT_TEAM = 9HKUVL2QGT;
				GENERATE_INFOPLIST_FILE = YES;
				IPHONEOS_DEPLOYMENT_TARGET = 17.0;
				MARKETING_VERSION = 1.0;
				PRODUCT_BUNDLE_IDENTIFIER = com.amahy.CalculatorTests;
				PRODUCT_NAME = "$(TARGET_NAME)";
				SWIFT_EMIT_LOC_STRINGS = NO;
				SWIFT_VERSION = 5.0;
				TARGETED_DEVICE_FAMILY = "1,2";
				TEST_HOST = "$(BUILT_PRODUCTS_DIR)/Calculator.app/$(BUNDLE_EXECUTABLE_FOLDER_PATH)/Calculator";
			};
			name = Debug;
		};
		F80A49202A95F2530085753C /* Release */ = {
			isa = XCBuildConfiguration;
			buildSettings = {
				ALWAYS_EMBED_SWIFT_STANDARD_LIBRARIES = YES;
				BUNDLE_LOADER = "$(TEST_HOST)";
				CODE_SIGN_STYLE = Automatic;
				CURRENT_PROJECT_VERSION = 1;
				DEVELOPMENT_TEAM = 9HKUVL2QGT;
				GENERATE_INFOPLIST_FILE = YES;
				IPHONEOS_DEPLOYMENT_TARGET = 17.0;
				MARKETING_VERSION = 1.0;
				PRODUCT_BUNDLE_IDENTIFIER = com.amahy.CalculatorTests;
				PRODUCT_NAME = "$(TARGET_NAME)";
				SWIFT_EMIT_LOC_STRINGS = NO;
				SWIFT_VERSION = 5.0;
				TARGETED_DEVICE_FAMILY = "1,2";
				TEST_HOST = "$(BUILT_PRODUCTS_DIR)/Calculator.app/$(BUNDLE_EXECUTABLE_FOLDER_PATH)/Calculator";
			};
			name = Release;
		};
/* End XCBuildConfiguration section */

/* Begin XCConfigurationList section */
		F80A48F22A95F2520085753C /* Build configuration list for PBXProject "Calculator" */ = {
			isa = XCConfigurationList;
			buildConfigurations = (
				F80A49192A95F2530085753C /* Debug */,
				F80A491A2A95F2530085753C /* Release */,
			);
			defaultConfigurationIsVisible = 0;
			defaultConfigurationName = Release;
		};
		F80A491B2A95F2530085753C /* Build configuration list for PBXNativeTarget "Calculator" */ = {
			isa = XCConfigurationList;
			buildConfigurations = (
				F80A491C2A95F2530085753C /* Debug */,
				F80A491D2A95F2530085753C /* Release */,
			);
			defaultConfigurationIsVisible = 0;
			defaultConfigurationName = Release;
		};
		F80A491E2A95F2530085753C /* Build configuration list for PBXNativeTarget "CalculatorTests" */ = {
			isa = XCConfigurationList;
			buildConfigurations = (
				F80A491F2A95F2530085753C /* Debug */,
				F80A49202A95F2530085753C /* Release */,
			);
			defaultConfigurationIsVisible = 0;
			defaultConfigurationName = Release;
		};
/* End XCConfigurationList section */
	};
	rootObject = F80A48EF2A95F2520085753C /* Project object */;
}
